
Microsoft Visual Studio Solution File, Format Version 12.00
# Visual Studio Version 16
VisualStudioVersion = 16.0.30204.135
MinimumVisualStudioVersion = 10.0.40219.1
Project("{9A19103F-16F7-4668-BE54-9A1E7A4F7556}") = "FlightControlWeb", "FlightControlWeb\FlightControlWeb.csproj", "{6EDFBDD0-5CFE-4910-856C-87AA8891EA13}"
EndProject
Project("{FAE04EC0-301F-11D3-BF4B-00C04F79EFBC}") = "UnitTest", "UnitTest\UnitTest.csproj", "{087B6A11-085F-4F93-8E44-D38CB2FFD268}"
EndProject
Global
	GlobalSection(SolutionConfigurationPlatforms) = preSolution
		Debug|Any CPU = Debug|Any CPU
		Release|Any CPU = Release|Any CPU
	EndGlobalSection
	GlobalSection(ProjectConfigurationPlatforms) = postSolution
		{6EDFBDD0-5CFE-4910-856C-87AA8891EA13}.Debug|Any CPU.ActiveCfg = Debug|Any CPU
		{6EDFBDD0-5CFE-4910-856C-87AA8891EA13}.Debug|Any CPU.Build.0 = Debug|Any CPU
		{6EDFBDD0-5CFE-4910-856C-87AA8891EA13}.Release|Any CPU.ActiveCfg = Release|Any CPU
		{6EDFBDD0-5CFE-4910-856C-87AA8891EA13}.Release|Any CPU.Build.0 = Release|Any CPU
		{087B6A11-085F-4F93-8E44-D38CB2FFD268}.Debug|Any CPU.ActiveCfg = Debug|Any CPU
		{087B6A11-085F-4F93-8E44-D38CB2FFD268}.Debug|Any CPU.Build.0 = Debug|Any CPU
		{087B6A11-085F-4F93-8E44-D38CB2FFD268}.Release|Any CPU.ActiveCfg = Release|Any CPU
		{087B6A11-085F-4F93-8E44-D38CB2FFD268}.Release|Any CPU.Build.0 = Release|Any CPU
	EndGlobalSection
	GlobalSection(SolutionProperties) = preSolution
		HideSolutionNode = FALSE
	EndGlobalSection
	GlobalSection(ExtensibilityGlobals) = postSolution
		SolutionGuid = {12D02B6C-4E5C-4596-A2F6-DC5F9F9AC071}
	EndGlobalSection
EndGlobal
